// !$*UTF8*$!
{
	archiveVersion = 1;
	classes = {
	};
	objectVersion = 46;
	objects = {

/* Begin PBXBuildFile section */
		BC82294F1CB75474002E31D9 /* main.m in Sources */ = {isa = PBXBuildFile; fileRef = BC82294E1CB75474002E31D9 /* main.m */; };
		BC8229521CB75475002E31D9 /* AppDelegate.m in Sources */ = {isa = PBXBuildFile; fileRef = BC8229511CB75475002E31D9 /* AppDelegate.m */; };
		BC8229551CB75475002E31D9 /* ViewController.m in Sources */ = {isa = PBXBuildFile; fileRef = BC8229541CB75475002E31D9 /* ViewController.m */; };
		BC8229581CB75475002E31D9 /* Main.storyboard in Resources */ = {isa = PBXBuildFile; fileRef = BC8229561CB75475002E31D9 /* Main.storyboard */; };
		BC82295A1CB75475002E31D9 /* Assets.xcassets in Resources */ = {isa = PBXBuildFile; fileRef = BC8229591CB75475002E31D9 /* Assets.xcassets */; };
		BC82295D1CB75475002E31D9 /* LaunchScreen.storyboard in Resources */ = {isa = PBXBuildFile; fileRef = BC82295B1CB75475002E31D9 /* LaunchScreen.storyboard */; };
		BC8229681CB75475002E31D9 /* _DTouchTests.m in Sources */ = {isa = PBXBuildFile; fileRef = BC8229671CB75475002E31D9 /* _DTouchTests.m */; };
		BC8229731CB75475002E31D9 /* _DTouchUITests.m in Sources */ = {isa = PBXBuildFile; fileRef = BC8229721CB75475002E31D9 /* _DTouchUITests.m */; };
		BC8229821CB75C48002E31D9 /* SecondViewController.m in Sources */ = {isa = PBXBuildFile; fileRef = BC8229811CB75C48002E31D9 /* SecondViewController.m */; };
/* End PBXBuildFile section */

/* Begin PBXContainerItemProxy section */
		BC8229641CB75475002E31D9 /* PBXContainerItemProxy */ = {
			isa = PBXContainerItemProxy;
			containerPortal = BC8229421CB75474002E31D9 /* Project object */;
			proxyType = 1;
			remoteGlobalIDString = BC8229491CB75474002E31D9;
			remoteInfo = 3DTouch;
		};
		BC82296F1CB75475002E31D9 /* PBXContainerItemProxy */ = {
			isa = PBXContainerItemProxy;
			containerPortal = BC8229421CB75474002E31D9 /* Project object */;
			proxyType = 1;
			remoteGlobalIDString = BC8229491CB75474002E31D9;
			remoteInfo = 3DTouch;
		};
/* End PBXContainerItemProxy section */

/* Begin PBXFileReference section */
		BC82294A1CB75474002E31D9 /* 3DTouch.app */ = {isa = PBXFileReference; explicitFileType = wrapper.application; includeInIndex = 0; path = 3DTouch.app; sourceTree = BUILT_PRODUCTS_DIR; };
		BC82294E1CB75474002E31D9 /* main.m */ = {isa = PBXFileReference; lastKnownFileType = sourcecode.c.objc; path = main.m; sourceTree = "<group>"; };
		BC8229501CB75474002E31D9 /* AppDelegate.h */ = {isa = PBXFileReference; lastKnownFileType = sourcecode.c.h; path = AppDelegate.h; sourceTree = "<group>"; };
		BC8229511CB75475002E31D9 /* AppDelegate.m */ = {isa = PBXFileReference; lastKnownFileType = sourcecode.c.objc; path = AppDelegate.m; sourceTree = "<group>"; };
		BC8229531CB75475002E31D9 /* ViewController.h */ = {isa = PBXFileReference; lastKnownFileType = sourcecode.c.h; path = ViewController.h; sourceTree = "<group>"; };
		BC8229541CB75475002E31D9 /* ViewController.m */ = {isa = PBXFileReference; lastKnownFileType = sourcecode.c.objc; path = ViewController.m; sourceTree = "<group>"; };
		BC8229571CB75475002E31D9 /* Base */ = {isa = PBXFileReference; lastKnownFileType = file.storyboard; name = Base; path = Base.lproj/Main.storyboard; sourceTree = "<group>"; };
		BC8229591CB75475002E31D9 /* Assets.xcassets */ = {isa = PBXFileReference; lastKnownFileType = folder.assetcatalog; path = Assets.xcassets; sourceTree = "<group>"; };
		BC82295C1CB75475002E31D9 /* Base */ = {isa = PBXFileReference; lastKnownFileType = file.storyboard; name = Base; path = Base.lproj/LaunchScreen.storyboard; sourceTree = "<group>"; };
		BC82295E1CB75475002E31D9 /* Info.plist */ = {isa = PBXFileReference; lastKnownFileType = text.plist.xml; path = Info.plist; sourceTree = "<group>"; };
		BC8229631CB75475002E31D9 /* 3DTouchTests.xctest */ = {isa = PBXFileReference; explicitFileType = wrapper.cfbundle; includeInIndex = 0; path = 3DTouchTests.xctest; sourceTree = BUILT_PRODUCTS_DIR; };
		BC8229671CB75475002E31D9 /* _DTouchTests.m */ = {isa = PBXFileReference; lastKnownFileType = sourcecode.c.objc; path = _DTouchTests.m; sourceTree = "<group>"; };
		BC8229691CB75475002E31D9 /* Info.plist */ = {isa = PBXFileReference; lastKnownFileType = text.plist.xml; path = Info.plist; sourceTree = "<group>"; };
		BC82296E1CB75475002E31D9 /* 3DTouchUITests.xctest */ = {isa = PBXFileReference; explicitFileType = wrapper.cfbundle; includeInIndex = 0; path = 3DTouchUITests.xctest; sourceTree = BUILT_PRODUCTS_DIR; };
		BC8229721CB75475002E31D9 /* _DTouchUITests.m */ = {isa = PBXFileReference; lastKnownFileType = sourcecode.c.objc; path = _DTouchUITests.m; sourceTree = "<group>"; };
		BC8229741CB75475002E31D9 /* Info.plist */ = {isa = PBXFileReference; lastKnownFileType = text.plist.xml; path = Info.plist; sourceTree = "<group>"; };
		BC8229801CB75C48002E31D9 /* SecondViewController.h */ = {isa = PBXFileReference; fileEncoding = 4; lastKnownFileType = sourcecode.c.h; path = SecondViewController.h; sourceTree = "<group>"; };
		BC8229811CB75C48002E31D9 /* SecondViewController.m */ = {isa = PBXFileReference; fileEncoding = 4; lastKnownFileType = sourcecode.c.objc; path = SecondViewController.m; sourceTree = "<group>"; };
/* End PBXFileReference section */

/* Begin PBXFrameworksBuildPhase section */
		BC8229471CB75474002E31D9 /* Frameworks */ = {
			isa = PBXFrameworksBuildPhase;
			buildActionMask = 2147483647;
			files = (
			);
			runOnlyForDeploymentPostprocessing = 0;
		};
		BC8229601CB75475002E31D9 /* Frameworks */ = {
			isa = PBXFrameworksBuildPhase;
			buildActionMask = 2147483647;
			files = (
			);
			runOnlyForDeploymentPostprocessing = 0;
		};
		BC82296B1CB75475002E31D9 /* Frameworks */ = {
			isa = PBXFrameworksBuildPhase;
			buildActionMask = 2147483647;
			files = (
			);
			runOnlyForDeploymentPostprocessing = 0;
		};
/* End PBXFrameworksBuildPhase section */

/* Begin PBXGroup section */
		BC8229411CB75474002E31D9 = {
			isa = PBXGroup;
			children = (
				BC82294C1CB75474002E31D9 /* 3DTouch */,
				BC8229661CB75475002E31D9 /* 3DTouchTests */,
				BC8229711CB75475002E31D9 /* 3DTouchUITests */,
				BC82294B1CB75474002E31D9 /* Products */,
			);
			sourceTree = "<group>";
		};
		BC82294B1CB75474002E31D9 /* Products */ = {
			isa = PBXGroup;
			children = (
				BC82294A1CB75474002E31D9 /* 3DTouch.app */,
				BC8229631CB75475002E31D9 /* 3DTouchTests.xctest */,
				BC82296E1CB75475002E31D9 /* 3DTouchUITests.xctest */,
			);
			name = Products;
			sourceTree = "<group>";
		};
		BC82294C1CB75474002E31D9 /* 3DTouch */ = {
			isa = PBXGroup;
			children = (
				BC8229501CB75474002E31D9 /* AppDelegate.h */,
				BC8229511CB75475002E31D9 /* AppDelegate.m */,
				BC8229531CB75475002E31D9 /* ViewController.h */,
				BC8229541CB75475002E31D9 /* ViewController.m */,
				BC8229561CB75475002E31D9 /* Main.storyboard */,
				BC8229591CB75475002E31D9 /* Assets.xcassets */,
				BC82295B1CB75475002E31D9 /* LaunchScreen.storyboard */,
				BC82295E1CB75475002E31D9 /* Info.plist */,
				BC82294D1CB75474002E31D9 /* Supporting Files */,
				BC8229801CB75C48002E31D9 /* SecondViewController.h */,
				BC8229811CB75C48002E31D9 /* SecondViewController.m */,
			);
			path = 3DTouch;
			sourceTree = "<group>";
		};
		BC82294D1CB75474002E31D9 /* Supporting Files */ = {
			isa = PBXGroup;
			children = (
				BC82294E1CB75474002E31D9 /* main.m */,
			);
			name = "Supporting Files";
			sourceTree = "<group>";
		};
		BC8229661CB75475002E31D9 /* 3DTouchTests */ = {
			isa = PBXGroup;
			children = (
				BC8229671CB75475002E31D9 /* _DTouchTests.m */,
				BC8229691CB75475002E31D9 /* Info.plist */,
			);
			path = 3DTouchTests;
			sourceTree = "<group>";
		};
		BC8229711CB75475002E31D9 /* 3DTouchUITests */ = {
			isa = PBXGroup;
			children = (
				BC8229721CB75475002E31D9 /* _DTouchUITests.m */,
				BC8229741CB75475002E31D9 /* Info.plist */,
			);
			path = 3DTouchUITests;
			sourceTree = "<group>";
		};
/* End PBXGroup section */

/* Begin PBXNativeTarget section */
		BC8229491CB75474002E31D9 /* 3DTouch */ = {
			isa = PBXNativeTarget;
			buildConfigurationList = BC8229771CB75475002E31D9 /* Build configuration list for PBXNativeTarget "3DTouch" */;
			buildPhases = (
				BC8229461CB75474002E31D9 /* Sources */,
				BC8229471CB75474002E31D9 /* Frameworks */,
				BC8229481CB75474002E31D9 /* Resources */,
			);
			buildRules = (
			);
			dependencies = (
			);
			name = 3DTouch;
			productName = 3DTouch;
			productReference = BC82294A1CB75474002E31D9 /* 3DTouch.app */;
			productType = "com.apple.product-type.application";
		};
		BC8229621CB75475002E31D9 /* 3DTouchTests */ = {
			isa = PBXNativeTarget;
			buildConfigurationList = BC82297A1CB75475002E31D9 /* Build configuration list for PBXNativeTarget "3DTouchTests" */;
			buildPhases = (
				BC82295F1CB75475002E31D9 /* Sources */,
				BC8229601CB75475002E31D9 /* Frameworks */,
				BC8229611CB75475002E31D9 /* Resources */,
			);
			buildRules = (
			);
			dependencies = (
				BC8229651CB75475002E31D9 /* PBXTargetDependency */,
			);
			name = 3DTouchTests;
			productName = 3DTouchTests;
			productReference = BC8229631CB75475002E31D9 /* 3DTouchTests.xctest */;
			productType = "com.apple.product-type.bundle.unit-test";
		};
		BC82296D1CB75475002E31D9 /* 3DTouchUITests */ = {
			isa = PBXNativeTarget;
			buildConfigurationList = BC82297D1CB75475002E31D9 /* Build configuration list for PBXNativeTarget "3DTouchUITests" */;
			buildPhases = (
				BC82296A1CB75475002E31D9 /* Sources */,
				BC82296B1CB75475002E31D9 /* Frameworks */,
				BC82296C1CB75475002E31D9 /* Resources */,
			);
			buildRules = (
			);
			dependencies = (
				BC8229701CB75475002E31D9 /* PBXTargetDependency */,
			);
			name = 3DTouchUITests;
			productName = 3DTouchUITests;
			productReference = BC82296E1CB75475002E31D9 /* 3DTouchUITests.xctest */;
			productType = "com.apple.product-type.bundle.ui-testing";
		};
/* End PBXNativeTarget section */

/* Begin PBXProject section */
		BC8229421CB75474002E31D9 /* Project object */ = {
			isa = PBXProject;
			attributes = {
				LastUpgradeCheck = 0720;
				ORGANIZATIONNAME = Xsummerybc;
				TargetAttributes = {
					BC8229491CB75474002E31D9 = {
						CreatedOnToolsVersion = 7.2.1;
					};
					BC8229621CB75475002E31D9 = {
						CreatedOnToolsVersion = 7.2.1;
						TestTargetID = BC8229491CB75474002E31D9;
					};
					BC82296D1CB75475002E31D9 = {
						CreatedOnToolsVersion = 7.2.1;
						TestTargetID = BC8229491CB75474002E31D9;
					};
				};
			};
			buildConfigurationList = BC8229451CB75474002E31D9 /* Build configuration list for PBXProject "3DTouch" */;
			compatibilityVersion = "Xcode 3.2";
			developmentRegion = English;
			hasScannedForEncodings = 0;
			knownRegions = (
				en,
				Base,
			);
			mainGroup = BC8229411CB75474002E31D9;
			productRefGroup = BC82294B1CB75474002E31D9 /* Products */;
			projectDirPath = "";
			projectRoot = "";
			targets = (
				BC8229491CB75474002E31D9 /* 3DTouch */,
				BC8229621CB75475002E31D9 /* 3DTouchTests */,
				BC82296D1CB75475002E31D9 /* 3DTouchUITests */,
			);
		};
/* End PBXProject section */

/* Begin PBXResourcesBuildPhase section */
		BC8229481CB75474002E31D9 /* Resources */ = {
			isa = PBXResourcesBuildPhase;
			buildActionMask = 2147483647;
			files = (
				BC82295D1CB75475002E31D9 /* LaunchScreen.storyboard in Resources */,
				BC82295A1CB75475002E31D9 /* Assets.xcassets in Resources */,
				BC8229581CB75475002E31D9 /* Main.storyboard in Resources */,
			);
			runOnlyForDeploymentPostprocessing = 0;
		};
		BC8229611CB75475002E31D9 /* Resources */ = {
			isa = PBXResourcesBuildPhase;
			buildActionMask = 2147483647;
			files = (
			);
			runOnlyForDeploymentPostprocessing = 0;
		};
		BC82296C1CB75475002E31D9 /* Resources */ = {
			isa = PBXResourcesBuildPhase;
			buildActionMask = 2147483647;
			files = (
			);
			runOnlyForDeploymentPostprocessing = 0;
		};
/* End PBXResourcesBuildPhase section */

/* Begin PBXSourcesBuildPhase section */
		BC8229461CB75474002E31D9 /* Sources */ = {
			isa = PBXSourcesBuildPhase;
			buildActionMask = 2147483647;
			files = (
				BC8229821CB75C48002E31D9 /* SecondViewController.m in Sources */,
				BC8229551CB75475002E31D9 /* ViewController.m in Sources */,
				BC8229521CB75475002E31D9 /* AppDelegate.m in Sources */,
				BC82294F1CB75474002E31D9 /* main.m in Sources */,
			);
			runOnlyForDeploymentPostprocessing = 0;
		};
		BC82295F1CB75475002E31D9 /* Sources */ = {
			isa = PBXSourcesBuildPhase;
			buildActionMask = 2147483647;
			files = (
				BC8229681CB75475002E31D9 /* _DTouchTests.m in Sources */,
			);
			runOnlyForDeploymentPostprocessing = 0;
		};
		BC82296A1CB75475002E31D9 /* Sources */ = {
			isa = PBXSourcesBuildPhase;
			buildActionMask = 2147483647;
			files = (
				BC8229731CB75475002E31D9 /* _DTouchUITests.m in Sources */,
			);
			runOnlyForDeploymentPostprocessing = 0;
		};
/* End PBXSourcesBuildPhase section */

/* Begin PBXTargetDependency section */
		BC8229651CB75475002E31D9 /* PBXTargetDependency */ = {
			isa = PBXTargetDependency;
			target = BC8229491CB75474002E31D9 /* 3DTouch */;
			targetProxy = BC8229641CB75475002E31D9 /* PBXContainerItemProxy */;
		};
		BC8229701CB75475002E31D9 /* PBXTargetDependency */ = {
			isa = PBXTargetDependency;
			target = BC8229491CB75474002E31D9 /* 3DTouch */;
			targetProxy = BC82296F1CB75475002E31D9 /* PBXContainerItemProxy */;
		};
/* End PBXTargetDependency section */

/* Begin PBXVariantGroup section */
		BC8229561CB75475002E31D9 /* Main.storyboard */ = {
			isa = PBXVariantGroup;
			children = (
				BC8229571CB75475002E31D9 /* Base */,
			);
			name = Main.storyboard;
			sourceTree = "<group>";
		};
		BC82295B1CB75475002E31D9 /* LaunchScreen.storyboard */ = {
			isa = PBXVariantGroup;
			children = (
				BC82295C1CB75475002E31D9 /* Base */,
			);
			name = LaunchScreen.storyboard;
			sourceTree = "<group>";
		};
/* End PBXVariantGroup section */

/* Begin XCBuildConfiguration section */
		BC8229751CB75475002E31D9 /* Debug */ = {
			isa = XCBuildConfiguration;
			buildSettings = {
				ALWAYS_SEARCH_USER_PATHS = NO;
				CLANG_CXX_LANGUAGE_STANDARD = "gnu++0x";
				CLANG_CXX_LIBRARY = "libc++";
				CLANG_ENABLE_MODULES = YES;
				CLANG_ENABLE_OBJC_ARC = YES;
				CLANG_WARN_BOOL_CONVERSION = YES;
				CLANG_WARN_CONSTANT_CONVERSION = YES;
				CLANG_WARN_DIRECT_OBJC_ISA_USAGE = YES_ERROR;
				CLANG_WARN_EMPTY_BODY = YES;
				CLANG_WARN_ENUM_CONVERSION = YES;
				CLANG_WARN_INT_CONVERSION = YES;
				CLANG_WARN_OBJC_ROOT_CLASS = YES_ERROR;
				CLANG_WARN_UNREACHABLE_CODE = YES;
				CLANG_WARN__DUPLICATE_METHOD_MATCH = YES;
				"CODE_SIGN_IDENTITY[sdk=iphoneos*]" = "iPhone Developer";
				COPY_PHASE_STRIP = NO;
				DEBUG_INFORMATION_FORMAT = dwarf;
				ENABLE_STRICT_OBJC_MSGSEND = YES;
				ENABLE_TESTABILITY = YES;
				GCC_C_LANGUAGE_STANDARD = gnu99;
				GCC_DYNAMIC_NO_PIC = NO;
				GCC_NO_COMMON_BLOCKS = YES;
				GCC_OPTIMIZATION_LEVEL = 0;
				GCC_PREPROCESSOR_DEFINITIONS = (
					"DEBUG=1",
					"$(inherited)",
				);
				GCC_WARN_64_TO_32_BIT_CONVERSION = YES;
				GCC_WARN_ABOUT_RETURN_TYPE = YES_ERROR;
				GCC_WARN_UNDECLARED_SELECTOR = YES;
				GCC_WARN_UNINITIALIZED_AUTOS = YES_AGGRESSIVE;
				GCC_WARN_UNUSED_FUNCTION = YES;
				GCC_WARN_UNUSED_VARIABLE = YES;
				IPHONEOS_DEPLOYMENT_TARGET = 9.2;
				MTL_ENABLE_DEBUG_INFO = YES;
				ONLY_ACTIVE_ARCH = YES;
				SDKROOT = iphoneos;
				TARGETED_DEVICE_FAMILY = "1,2";
			};
			name = Debug;
		};
		BC8229761CB75475002E31D9 /* Release */ = {
			isa = XCBuildConfiguration;
			buildSettings = {
				ALWAYS_SEARCH_USER_PATHS = NO;
				CLANG_CXX_LANGUAGE_STANDARD = "gnu++0x";
				CLANG_CXX_LIBRARY = "libc++";
				CLANG_ENABLE_MODULES = YES;
				CLANG_ENABLE_OBJC_ARC = YES;
				CLANG_WARN_BOOL_CONVERSION = YES;
				CLANG_WARN_CONSTANT_CONVERSION = YES;
				CLANG_WARN_DIRECT_OBJC_ISA_USAGE = YES_ERROR;
				CLANG_WARN_EMPTY_BODY = YES;
				CLANG_WARN_ENUM_CONVERSION = YES;
				CLANG_WARN_INT_CONVERSION = YES;
				CLANG_WARN_OBJC_ROOT_CLASS = YES_ERROR;
				CLANG_WARN_UNREACHABLE_CODE = YES;
				CLANG_WARN__DUPLICATE_METHOD_MATCH = YES;
				"CODE_SIGN_IDENTITY[sdk=iphoneos*]" = "iPhone Developer";
				COPY_PHASE_STRIP = NO;
				DEBUG_INFORMATION_FORMAT = "dwarf-with-dsym";
				ENABLE_NS_ASSERTIONS = NO;
				ENABLE_STRICT_OBJC_MSGSEND = YES;
				GCC_C_LANGUAGE_STANDARD = gnu99;
				GCC_NO_COMMON_BLOCKS = YES;
				GCC_WARN_64_TO_32_BIT_CONVERSION = YES;
				GCC_WARN_ABOUT_RETURN_TYPE = YES_ERROR;
				GCC_WARN_UNDECLARED_SELECTOR = YES;
				GCC_WARN_UNINITIALIZED_AUTOS = YES_AGGRESSIVE;
				GCC_WARN_UNUSED_FUNCTION = YES;
				GCC_WARN_UNUSED_VARIABLE = YES;
				IPHONEOS_DEPLOYMENT_TARGET = 9.2;
				MTL_ENABLE_DEBUG_INFO = NO;
				SDKROOT = iphoneos;
				TARGETED_DEVICE_FAMILY = "1,2";
				VALIDATE_PRODUCT = YES;
			};
			name = Release;
		};
		BC8229781CB75475002E31D9 /* Debug */ = {
			isa = XCBuildConfiguration;
			buildSettings = {
				ASSETCATALOG_COMPILER_APPICON_NAME = AppIcon;
				INFOPLIST_FILE = 3DTouch/Info.plist;
				IPHONEOS_DEPLOYMENT_TARGET = 8.1;
				LD_RUNPATH_SEARCH_PATHS = "$(inherited) @executable_path/Frameworks";
				PRODUCT_BUNDLE_IDENTIFIER = "-7K--.-DTouch";
				PRODUCT_NAME = "$(TARGET_NAME)";
			};
			name = Debug;
		};
		BC8229791CB75475002E31D9 /* Release */ = {
			isa = XCBuildConfiguration;
			buildSettings = {
				ASSETCATALOG_COMPILER_APPICON_NAME = AppIcon;
				INFOPLIST_FILE = 3DTouch/Info.plist;
				IPHONEOS_DEPLOYMENT_TARGET = 8.1;
				LD_RUNPATH_SEARCH_PATHS = "$(inherited) @executable_path/Frameworks";
				PRODUCT_BUNDLE_IDENTIFIER = "-7K--.-DTouch";
				PRODUCT_NAME = "$(TARGET_NAME)";
			};
			name = Release;
		};
		BC82297B1CB75475002E31D9 /* Debug */ = {
			isa = XCBuildConfiguration;
			buildSettings = {
				BUNDLE_LOADER = "$(TEST_HOST)";
				INFOPLIST_FILE = 3DTouchTests/Info.plist;
				LD_RUNPATH_SEARCH_PATHS = "$(inherited) @executable_path/Frameworks @loader_path/Frameworks";
				PRODUCT_BUNDLE_IDENTIFIER = "-7K--.-DTouchTests";
				PRODUCT_NAME = "$(TARGET_NAME)";
				TEST_HOST = "$(BUILT_PRODUCTS_DIR)/3DTouch.app/3DTouch";
			};
			name = Debug;
		};
		BC82297C1CB75475002E31D9 /* Release */ = {
			isa = XCBuildConfiguration;
			buildSettings = {
				BUNDLE_LOADER = "$(TEST_HOST)";
				INFOPLIST_FILE = 3DTouchTests/Info.plist;
				LD_RUNPATH_SEARCH_PATHS = "$(inherited) @executable_path/Frameworks @loader_path/Frameworks";
				PRODUCT_BUNDLE_IDENTIFIER = "-7K--.-DTouchTests";
				PRODUCT_NAME = "$(TARGET_NAME)";
				TEST_HOST = "$(BUILT_PRODUCTS_DIR)/3DTouch.app/3DTouch";
			};
			name = Release;
		};
		BC82297E1CB75475002E31D9 /* Debug */ = {
			isa = XCBuildConfiguration;
			buildSettings = {
				INFOPLIST_FILE = 3DTouchUITests/Info.plist;
				LD_RUNPATH_SEARCH_PATHS = "$(inherited) @executable_path/Frameworks @loader_path/Frameworks";
				PRODUCT_BUNDLE_IDENTIFIER = "-7K--.-DTouchUITests";
				PRODUCT_NAME = "$(TARGET_NAME)";
				TEST_TARGET_NAME = 3DTouch;
				USES_XCTRUNNER = YES;
			};
			name = Debug;
		};
		BC82297F1CB75475002E31D9 /* Release */ = {
			isa = XCBuildConfiguration;
			buildSettings = {
				INFOPLIST_FILE = 3DTouchUITests/Info.plist;
				LD_RUNPATH_SEARCH_PATHS = "$(inherited) @executable_path/Frameworks @loader_path/Frameworks";
				PRODUCT_BUNDLE_IDENTIFIER = "-7K--.-DTouchUITests";
				PRODUCT_NAME = "$(TARGET_NAME)";
				TEST_TARGET_NAME = 3DTouch;
				USES_XCTRUNNER = YES;
			};
			name = Release;
		};
/* End XCBuildConfiguration section */

/* Begin XCConfigurationList section */
		BC8229451CB75474002E31D9 /* Build configuration list for PBXProject "3DTouch" */ = {
			isa = XCConfigurationList;
			buildConfigurations = (
				BC8229751CB75475002E31D9 /* Debug */,
				BC8229761CB75475002E31D9 /* Release */,
			);
			defaultConfigurationIsVisible = 0;
			defaultConfigurationName = Release;
		};
		BC8229771CB75475002E31D9 /* Build configuration list for PBXNativeTarget "3DTouch" */ = {
			isa = XCConfigurationList;
			buildConfigurations = (
				BC8229781CB75475002E31D9 /* Debug */,
				BC8229791CB75475002E31D9 /* Release */,
			);
			defaultConfigurationIsVisible = 0;
		};
		BC82297A1CB75475002E31D9 /* Build configuration list for PBXNativeTarget "3DTouchTests" */ = {
			isa = XCConfigurationList;
			buildConfigurations = (
				BC82297B1CB75475002E31D9 /* Debug */,
				BC82297C1CB75475002E31D9 /* Release */,
			);
			defaultConfigurationIsVisible = 0;
		};
		BC82297D1CB75475002E31D9 /* Build configuration list for PBXNativeTarget "3DTouchUITests" */ = {
			isa = XCConfigurationList;
			buildConfigurations = (
				BC82297E1CB75475002E31D9 /* Debug */,
				BC82297F1CB75475002E31D9 /* Release */,
			);
			defaultConfigurationIsVisible = 0;
		};
/* End XCConfigurationList section */
	};
	rootObject = BC8229421CB75474002E31D9 /* Project object */;
}
